
Microsoft Visual Studio Solution File, Format Version 12.00
# Visual Studio 15
VisualStudioVersion = 15.0.27703.2000
MinimumVisualStudioVersion = 10.0.40219.1
Project("{FAE04EC0-301F-11D3-BF4B-00C04F79EFBC}") = "XamarinFloatingActionButtonExemplo.Android", "XamarinFloatingActionButtonExemplo\XamarinFloatingActionButtonExemplo.Android\XamarinFloatingActionButtonExemplo.Android.csproj", "{AB1FBF0A-035F-4054-84A7-2023FFF85808}"
EndProject
Project("{FAE04EC0-301F-11D3-BF4B-00C04F79EFBC}") = "XamarinFloatingActionButtonExemplo.iOS", "XamarinFloatingActionButtonExemplo\XamarinFloatingActionButtonExemplo.iOS\XamarinFloatingActionButtonExemplo.iOS.csproj", "{57A019AF-356E-4B51-8590-7498EFBC4BC0}"
EndProject
Project("{FAE04EC0-301F-11D3-BF4B-00C04F79EFBC}") = "XamarinFloatingActionButtonExemplo", "XamarinFloatingActionButtonExemplo\XamarinFloatingActionButtonExemplo\XamarinFloatingActionButtonExemplo.csproj", "{458EC8C2-8F95-4EE6-937B-650241881583}"
EndProject
Global
	GlobalSection(SolutionConfigurationPlatforms) = preSolution
		Ad-Hoc|Any CPU = Ad-Hoc|Any CPU
		Ad-Hoc|ARM = Ad-Hoc|ARM
		Ad-Hoc|iPhone = Ad-Hoc|iPhone
		Ad-Hoc|iPhoneSimulator = Ad-Hoc|iPhoneSimulator
		Ad-Hoc|x64 = Ad-Hoc|x64
		Ad-Hoc|x86 = Ad-Hoc|x86
		AppStore|Any CPU = AppStore|Any CPU
		AppStore|ARM = AppStore|ARM
		AppStore|iPhone = AppStore|iPhone
		AppStore|iPhoneSimulator = AppStore|iPhoneSimulator
		AppStore|x64 = AppStore|x64
		AppStore|x86 = AppStore|x86
		Debug|Any CPU = Debug|Any CPU
		Debug|ARM = Debug|ARM
		Debug|iPhone = Debug|iPhone
		Debug|iPhoneSimulator = Debug|iPhoneSimulator
		Debug|x64 = Debug|x64
		Debug|x86 = Debug|x86
		Release|Any CPU = Release|Any CPU
		Release|ARM = Release|ARM
		Release|iPhone = Release|iPhone
		Release|iPhoneSimulator = Release|iPhoneSimulator
		Release|x64 = Release|x64
		Release|x86 = Release|x86
	EndGlobalSection
	GlobalSection(ProjectConfigurationPlatforms) = postSolution
		{AB1FBF0A-035F-4054-84A7-2023FFF85808}.Ad-Hoc|Any CPU.ActiveCfg = Release|Any CPU
		{AB1FBF0A-035F-4054-84A7-2023FFF85808}.Ad-Hoc|Any CPU.Build.0 = Release|Any CPU
		{AB1FBF0A-035F-4054-84A7-2023FFF85808}.Ad-Hoc|Any CPU.Deploy.0 = Release|Any CPU
		{AB1FBF0A-035F-4054-84A7-2023FFF85808}.Ad-Hoc|ARM.ActiveCfg = Release|Any CPU
		{AB1FBF0A-035F-4054-84A7-2023FFF85808}.Ad-Hoc|ARM.Build.0 = Release|Any CPU
		{AB1FBF0A-035F-4054-84A7-2023FFF85808}.Ad-Hoc|ARM.Deploy.0 = Release|Any CPU
		{AB1FBF0A-035F-4054-84A7-2023FFF85808}.Ad-Hoc|iPhone.ActiveCfg = Release|Any CPU
		{AB1FBF0A-035F-4054-84A7-2023FFF85808}.Ad-Hoc|iPhone.Build.0 = Release|Any CPU
		{AB1FBF0A-035F-4054-84A7-2023FFF85808}.Ad-Hoc|iPhone.Deploy.0 = Release|Any CPU
		{AB1FBF0A-035F-4054-84A7-2023FFF85808}.Ad-Hoc|iPhoneSimulator.ActiveCfg = Release|Any CPU
		{AB1FBF0A-035F-4054-84A7-2023FFF85808}.Ad-Hoc|iPhoneSimulator.Build.0 = Release|Any CPU
		{AB1FBF0A-035F-4054-84A7-2023FFF85808}.Ad-Hoc|iPhoneSimulator.Deploy.0 = Release|Any CPU
		{AB1FBF0A-035F-4054-84A7-2023FFF85808}.Ad-Hoc|x64.ActiveCfg = Release|Any CPU
		{AB1FBF0A-035F-4054-84A7-2023FFF85808}.Ad-Hoc|x64.Build.0 = Release|Any CPU
		{AB1FBF0A-035F-4054-84A7-2023FFF85808}.Ad-Hoc|x64.Deploy.0 = Release|Any CPU
		{AB1FBF0A-035F-4054-84A7-2023FFF85808}.Ad-Hoc|x86.ActiveCfg = Release|Any CPU
		{AB1FBF0A-035F-4054-84A7-2023FFF85808}.Ad-Hoc|x86.Build.0 = Release|Any CPU
		{AB1FBF0A-035F-4054-84A7-2023FFF85808}.Ad-Hoc|x86.Deploy.0 = Release|Any CPU
		{AB1FBF0A-035F-4054-84A7-2023FFF85808}.AppStore|Any CPU.ActiveCfg = Release|Any CPU
		{AB1FBF0A-035F-4054-84A7-2023FFF85808}.AppStore|Any CPU.Build.0 = Release|Any CPU
		{AB1FBF0A-035F-4054-84A7-2023FFF85808}.AppStore|Any CPU.Deploy.0 = Release|Any CPU
		{AB1FBF0A-035F-4054-84A7-2023FFF85808}.AppStore|ARM.ActiveCfg = Release|Any CPU
		{AB1FBF0A-035F-4054-84A7-2023FFF85808}.AppStore|ARM.Build.0 = Release|Any CPU
		{AB1FBF0A-035F-4054-84A7-2023FFF85808}.AppStore|ARM.Deploy.0 = Release|Any CPU
		{AB1FBF0A-035F-4054-84A7-2023FFF85808}.AppStore|iPhone.ActiveCfg = Release|Any CPU
		{AB1FBF0A-035F-4054-84A7-2023FFF85808}.AppStore|iPhone.Build.0 = Release|Any CPU
		{AB1FBF0A-035F-4054-84A7-2023FFF85808}.AppStore|iPhone.Deploy.0 = Release|Any CPU
		{AB1FBF0A-035F-4054-84A7-2023FFF85808}.AppStore|iPhoneSimulator.ActiveCfg = Release|Any CPU
		{AB1FBF0A-035F-4054-84A7-2023FFF85808}.AppStore|iPhoneSimulator.Build.0 = Release|Any CPU
		{AB1FBF0A-035F-4054-84A7-2023FFF85808}.AppStore|iPhoneSimulator.Deploy.0 = Release|Any CPU
		{AB1FBF0A-035F-4054-84A7-2023FFF85808}.AppStore|x64.ActiveCfg = Release|Any CPU
		{AB1FBF0A-035F-4054-84A7-2023FFF85808}.AppStore|x64.Build.0 = Release|Any CPU
		{AB1FBF0A-035F-4054-84A7-2023FFF85808}.AppStore|x64.Deploy.0 = Release|Any CPU
		{AB1FBF0A-035F-4054-84A7-2023FFF85808}.AppStore|x86.ActiveCfg = Release|Any CPU
		{AB1FBF0A-035F-4054-84A7-2023FFF85808}.AppStore|x86.Build.0 = Release|Any CPU
		{AB1FBF0A-035F-4054-84A7-2023FFF85808}.AppStore|x86.Deploy.0 = Release|Any CPU
		{AB1FBF0A-035F-4054-84A7-2023FFF85808}.Debug|Any CPU.ActiveCfg = Debug|Any CPU
		{AB1FBF0A-035F-4054-84A7-2023FFF85808}.Debug|Any CPU.Build.0 = Debug|Any CPU
		{AB1FBF0A-035F-4054-84A7-2023FFF85808}.Debug|Any CPU.Deploy.0 = Debug|Any CPU
		{AB1FBF0A-035F-4054-84A7-2023FFF85808}.Debug|ARM.ActiveCfg = Debug|Any CPU
		{AB1FBF0A-035F-4054-84A7-2023FFF85808}.Debug|ARM.Build.0 = Debug|Any CPU
		{AB1FBF0A-035F-4054-84A7-2023FFF85808}.Debug|ARM.Deploy.0 = Debug|Any CPU
		{AB1FBF0A-035F-4054-84A7-2023FFF85808}.Debug|iPhone.ActiveCfg = Debug|Any CPU
		{AB1FBF0A-035F-4054-84A7-2023FFF85808}.Debug|iPhone.Build.0 = Debug|Any CPU
		{AB1FBF0A-035F-4054-84A7-2023FFF85808}.Debug|iPhone.Deploy.0 = Debug|Any CPU
		{AB1FBF0A-035F-4054-84A7-2023FFF85808}.Debug|iPhoneSimulator.ActiveCfg = Debug|Any CPU
		{AB1FBF0A-035F-4054-84A7-2023FFF85808}.Debug|iPhoneSimulator.Build.0 = Debug|Any CPU
		{AB1FBF0A-035F-4054-84A7-2023FFF85808}.Debug|iPhoneSimulator.Deploy.0 = Debug|Any CPU
		{AB1FBF0A-035F-4054-84A7-2023FFF85808}.Debug|x64.ActiveCfg = Debug|Any CPU
		{AB1FBF0A-035F-4054-84A7-2023FFF85808}.Debug|x64.Build.0 = Debug|Any CPU
		{AB1FBF0A-035F-4054-84A7-2023FFF85808}.Debug|x64.Deploy.0 = Debug|Any CPU
		{AB1FBF0A-035F-4054-84A7-2023FFF85808}.Debug|x86.ActiveCfg = Debug|Any CPU
		{AB1FBF0A-035F-4054-84A7-2023FFF85808}.Debug|x86.Build.0 = Debug|Any CPU
		{AB1FBF0A-035F-4054-84A7-2023FFF85808}.Debug|x86.Deploy.0 = Debug|Any CPU
		{AB1FBF0A-035F-4054-84A7-2023FFF85808}.Release|Any CPU.ActiveCfg = Release|Any CPU
		{AB1FBF0A-035F-4054-84A7-2023FFF85808}.Release|Any CPU.Build.0 = Release|Any CPU
		{AB1FBF0A-035F-4054-84A7-2023FFF85808}.Release|Any CPU.Deploy.0 = Release|Any CPU
		{AB1FBF0A-035F-4054-84A7-2023FFF85808}.Release|ARM.ActiveCfg = Release|Any CPU
		{AB1FBF0A-035F-4054-84A7-2023FFF85808}.Release|ARM.Build.0 = Release|Any CPU
		{AB1FBF0A-035F-4054-84A7-2023FFF85808}.Release|ARM.Deploy.0 = Release|Any CPU
		{AB1FBF0A-035F-4054-84A7-2023FFF85808}.Release|iPhone.ActiveCfg = Release|Any CPU
		{AB1FBF0A-035F-4054-84A7-2023FFF85808}.Release|iPhone.Build.0 = Release|Any CPU
		{AB1FBF0A-035F-4054-84A7-2023FFF85808}.Release|iPhone.Deploy.0 = Release|Any CPU
		{AB1FBF0A-035F-4054-84A7-2023FFF85808}.Release|iPhoneSimulator.ActiveCfg = Release|Any CPU
		{AB1FBF0A-035F-4054-84A7-2023FFF85808}.Release|iPhoneSimulator.Build.0 = Release|Any CPU
		{AB1FBF0A-035F-4054-84A7-2023FFF85808}.Release|iPhoneSimulator.Deploy.0 = Release|Any CPU
		{AB1FBF0A-035F-4054-84A7-2023FFF85808}.Release|x64.ActiveCfg = Release|Any CPU
		{AB1FBF0A-035F-4054-84A7-2023FFF85808}.Release|x64.Build.0 = Release|Any CPU
		{AB1FBF0A-035F-4054-84A7-2023FFF85808}.Release|x64.Deploy.0 = Release|Any CPU
		{AB1FBF0A-035F-4054-84A7-2023FFF85808}.Release|x86.ActiveCfg = Release|Any CPU
		{AB1FBF0A-035F-4054-84A7-2023FFF85808}.Release|x86.Build.0 = Release|Any CPU
		{AB1FBF0A-035F-4054-84A7-2023FFF85808}.Release|x86.Deploy.0 = Release|Any CPU
		{57A019AF-356E-4B51-8590-7498EFBC4BC0}.Ad-Hoc|Any CPU.ActiveCfg = Ad-Hoc|iPhone
		{57A019AF-356E-4B51-8590-7498EFBC4BC0}.Ad-Hoc|Any CPU.Build.0 = Ad-Hoc|iPhone
		{57A019AF-356E-4B51-8590-7498EFBC4BC0}.Ad-Hoc|Any CPU.Deploy.0 = Ad-Hoc|iPhone
		{57A019AF-356E-4B51-8590-7498EFBC4BC0}.Ad-Hoc|ARM.ActiveCfg = Ad-Hoc|iPhone
		{57A019AF-356E-4B51-8590-7498EFBC4BC0}.Ad-Hoc|ARM.Build.0 = Ad-Hoc|iPhone
		{57A019AF-356E-4B51-8590-7498EFBC4BC0}.Ad-Hoc|ARM.Deploy.0 = Ad-Hoc|iPhone
		{57A019AF-356E-4B51-8590-7498EFBC4BC0}.Ad-Hoc|iPhone.ActiveCfg = Ad-Hoc|iPhone
		{57A019AF-356E-4B51-8590-7498EFBC4BC0}.Ad-Hoc|iPhone.Build.0 = Ad-Hoc|iPhone
		{57A019AF-356E-4B51-8590-7498EFBC4BC0}.Ad-Hoc|iPhone.Deploy.0 = Ad-Hoc|iPhone
		{57A019AF-356E-4B51-8590-7498EFBC4BC0}.Ad-Hoc|iPhoneSimulator.ActiveCfg = Ad-Hoc|iPhoneSimulator
		{57A019AF-356E-4B51-8590-7498EFBC4BC0}.Ad-Hoc|iPhoneSimulator.Build.0 = Ad-Hoc|iPhoneSimulator
		{57A019AF-356E-4B51-8590-7498EFBC4BC0}.Ad-Hoc|iPhoneSimulator.Deploy.0 = Ad-Hoc|iPhoneSimulator
		{57A019AF-356E-4B51-8590-7498EFBC4BC0}.Ad-Hoc|x64.ActiveCfg = Ad-Hoc|iPhone
		{57A019AF-356E-4B51-8590-7498EFBC4BC0}.Ad-Hoc|x64.Build.0 = Ad-Hoc|iPhone
		{57A019AF-356E-4B51-8590-7498EFBC4BC0}.Ad-Hoc|x64.Deploy.0 = Ad-Hoc|iPhone
		{57A019AF-356E-4B51-8590-7498EFBC4BC0}.Ad-Hoc|x86.ActiveCfg = Ad-Hoc|iPhone
		{57A019AF-356E-4B51-8590-7498EFBC4BC0}.Ad-Hoc|x86.Build.0 = Ad-Hoc|iPhone
		{57A019AF-356E-4B51-8590-7498EFBC4BC0}.Ad-Hoc|x86.Deploy.0 = Ad-Hoc|iPhone
		{57A019AF-356E-4B51-8590-7498EFBC4BC0}.AppStore|Any CPU.ActiveCfg = AppStore|iPhone
		{57A019AF-356E-4B51-8590-7498EFBC4BC0}.AppStore|Any CPU.Build.0 = AppStore|iPhone
		{57A019AF-356E-4B51-8590-7498EFBC4BC0}.AppStore|Any CPU.Deploy.0 = AppStore|iPhone
		{57A019AF-356E-4B51-8590-7498EFBC4BC0}.AppStore|ARM.ActiveCfg = AppStore|iPhone
		{57A019AF-356E-4B51-8590-7498EFBC4BC0}.AppStore|ARM.Build.0 = AppStore|iPhone
		{57A019AF-356E-4B51-8590-7498EFBC4BC0}.AppStore|ARM.Deploy.0 = AppStore|iPhone
		{57A019AF-356E-4B51-8590-7498EFBC4BC0}.AppStore|iPhone.ActiveCfg = AppStore|iPhone
		{57A019AF-356E-4B51-8590-7498EFBC4BC0}.AppStore|iPhone.Build.0 = AppStore|iPhone
		{57A019AF-356E-4B51-8590-7498EFBC4BC0}.AppStore|iPhone.Deploy.0 = AppStore|iPhone
		{57A019AF-356E-4B51-8590-7498EFBC4BC0}.AppStore|iPhoneSimulator.ActiveCfg = AppStore|iPhoneSimulator
		{57A019AF-356E-4B51-8590-7498EFBC4BC0}.AppStore|iPhoneSimulator.Build.0 = AppStore|iPhoneSimulator
		{57A019AF-356E-4B51-8590-7498EFBC4BC0}.AppStore|iPhoneSimulator.Deploy.0 = AppStore|iPhoneSimulator
		{57A019AF-356E-4B51-8590-7498EFBC4BC0}.AppStore|x64.ActiveCfg = AppStore|iPhone
		{57A019AF-356E-4B51-8590-7498EFBC4BC0}.AppStore|x64.Build.0 = AppStore|iPhone
		{57A019AF-356E-4B51-8590-7498EFBC4BC0}.AppStore|x64.Deploy.0 = AppStore|iPhone
		{57A019AF-356E-4B51-8590-7498EFBC4BC0}.AppStore|x86.ActiveCfg = AppStore|iPhone
		{57A019AF-356E-4B51-8590-7498EFBC4BC0}.AppStore|x86.Build.0 = AppStore|iPhone
		{57A019AF-356E-4B51-8590-7498EFBC4BC0}.AppStore|x86.Deploy.0 = AppStore|iPhone
		{57A019AF-356E-4B51-8590-7498EFBC4BC0}.Debug|Any CPU.ActiveCfg = Debug|iPhoneSimulator
		{57A019AF-356E-4B51-8590-7498EFBC4BC0}.Debug|Any CPU.Build.0 = Debug|iPhoneSimulator
		{57A019AF-356E-4B51-8590-7498EFBC4BC0}.Debug|Any CPU.Deploy.0 = Debug|iPhoneSimulator
		{57A019AF-356E-4B51-8590-7498EFBC4BC0}.Debug|ARM.ActiveCfg = Debug|iPhone
		{57A019AF-356E-4B51-8590-7498EFBC4BC0}.Debug|ARM.Build.0 = Debug|iPhone
		{57A019AF-356E-4B51-8590-7498EFBC4BC0}.Debug|ARM.Deploy.0 = Debug|iPhone
		{57A019AF-356E-4B51-8590-7498EFBC4BC0}.Debug|iPhone.ActiveCfg = Debug|iPhone
		{57A019AF-356E-4B51-8590-7498EFBC4BC0}.Debug|iPhone.Build.0 = Debug|iPhone
		{57A019AF-356E-4B51-8590-7498EFBC4BC0}.Debug|iPhone.Deploy.0 = Debug|iPhone
		{57A019AF-356E-4B51-8590-7498EFBC4BC0}.Debug|iPhoneSimulator.ActiveCfg = Debug|iPhoneSimulator
		{57A019AF-356E-4B51-8590-7498EFBC4BC0}.Debug|iPhoneSimulator.Build.0 = Debug|iPhoneSimulator
		{57A019AF-356E-4B51-8590-7498EFBC4BC0}.Debug|iPhoneSimulator.Deploy.0 = Debug|iPhoneSimulator
		{57A019AF-356E-4B51-8590-7498EFBC4BC0}.Debug|x64.ActiveCfg = Debug|iPhone
		{57A019AF-356E-4B51-8590-7498EFBC4BC0}.Debug|x64.Build.0 = Debug|iPhone
		{57A019AF-356E-4B51-8590-7498EFBC4BC0}.Debug|x64.Deploy.0 = Debug|iPhone
		{57A019AF-356E-4B51-8590-7498EFBC4BC0}.Debug|x86.ActiveCfg = Debug|iPhone
		{57A019AF-356E-4B51-8590-7498EFBC4BC0}.Debug|x86.Build.0 = Debug|iPhone
		{57A019AF-356E-4B51-8590-7498EFBC4BC0}.Debug|x86.Deploy.0 = Debug|iPhone
		{57A019AF-356E-4B51-8590-7498EFBC4BC0}.Release|Any CPU.ActiveCfg = Release|iPhone
		{57A019AF-356E-4B51-8590-7498EFBC4BC0}.Release|Any CPU.Build.0 = Release|iPhone
		{57A019AF-356E-4B51-8590-7498EFBC4BC0}.Release|Any CPU.Deploy.0 = Release|iPhone
		{57A019AF-356E-4B51-8590-7498EFBC4BC0}.Release|ARM.ActiveCfg = Release|iPhone
		{57A019AF-356E-4B51-8590-7498EFBC4BC0}.Release|ARM.Build.0 = Release|iPhone
		{57A019AF-356E-4B51-8590-7498EFBC4BC0}.Release|ARM.Deploy.0 = Release|iPhone
		{57A019AF-356E-4B51-8590-7498EFBC4BC0}.Release|iPhone.ActiveCfg = Release|iPhone
		{57A019AF-356E-4B51-8590-7498EFBC4BC0}.Release|iPhone.Build.0 = Release|iPhone
		{57A019AF-356E-4B51-8590-7498EFBC4BC0}.Release|iPhone.Deploy.0 = Release|iPhone
		{57A019AF-356E-4B51-8590-7498EFBC4BC0}.Release|iPhoneSimulator.ActiveCfg = Release|iPhoneSimulator
		{57A019AF-356E-4B51-8590-7498EFBC4BC0}.Release|iPhoneSimulator.Build.0 = Release|iPhoneSimulator
		{57A019AF-356E-4B51-8590-7498EFBC4BC0}.Release|iPhoneSimulator.Deploy.0 = Release|iPhoneSimulator
		{57A019AF-356E-4B51-8590-7498EFBC4BC0}.Release|x64.ActiveCfg = Release|iPhone
		{57A019AF-356E-4B51-8590-7498EFBC4BC0}.Release|x64.Build.0 = Release|iPhone
		{57A019AF-356E-4B51-8590-7498EFBC4BC0}.Release|x64.Deploy.0 = Release|iPhone
		{57A019AF-356E-4B51-8590-7498EFBC4BC0}.Release|x86.ActiveCfg = Release|iPhone
		{57A019AF-356E-4B51-8590-7498EFBC4BC0}.Release|x86.Build.0 = Release|iPhone
		{57A019AF-356E-4B51-8590-7498EFBC4BC0}.Release|x86.Deploy.0 = Release|iPhone
		{458EC8C2-8F95-4EE6-937B-650241881583}.Ad-Hoc|Any CPU.ActiveCfg = Debug|Any CPU
		{458EC8C2-8F95-4EE6-937B-650241881583}.Ad-Hoc|Any CPU.Build.0 = Debug|Any CPU
		{458EC8C2-8F95-4EE6-937B-650241881583}.Ad-Hoc|Any CPU.Deploy.0 = Debug|Any CPU
		{458EC8C2-8F95-4EE6-937B-650241881583}.Ad-Hoc|ARM.ActiveCfg = Debug|Any CPU
		{458EC8C2-8F95-4EE6-937B-650241881583}.Ad-Hoc|ARM.Build.0 = Debug|Any CPU
		{458EC8C2-8F95-4EE6-937B-650241881583}.Ad-Hoc|ARM.Deploy.0 = Debug|Any CPU
		{458EC8C2-8F95-4EE6-937B-650241881583}.Ad-Hoc|iPhone.ActiveCfg = Debug|Any CPU
		{458EC8C2-8F95-4EE6-937B-650241881583}.Ad-Hoc|iPhone.Build.0 = Debug|Any CPU
		{458EC8C2-8F95-4EE6-937B-650241881583}.Ad-Hoc|iPhone.Deploy.0 = Debug|Any CPU
		{458EC8C2-8F95-4EE6-937B-650241881583}.Ad-Hoc|iPhoneSimulator.ActiveCfg = Debug|Any CPU
		{458EC8C2-8F95-4EE6-937B-650241881583}.Ad-Hoc|iPhoneSimulator.Build.0 = Debug|Any CPU
		{458EC8C2-8F95-4EE6-937B-650241881583}.Ad-Hoc|iPhoneSimulator.Deploy.0 = Debug|Any CPU
		{458EC8C2-8F95-4EE6-937B-650241881583}.Ad-Hoc|x64.ActiveCfg = Debug|Any CPU
		{458EC8C2-8F95-4EE6-937B-650241881583}.Ad-Hoc|x64.Build.0 = Debug|Any CPU
		{458EC8C2-8F95-4EE6-937B-650241881583}.Ad-Hoc|x64.Deploy.0 = Debug|Any CPU
		{458EC8C2-8F95-4EE6-937B-650241881583}.Ad-Hoc|x86.ActiveCfg = Debug|Any CPU
		{458EC8C2-8F95-4EE6-937B-650241881583}.Ad-Hoc|x86.Build.0 = Debug|Any CPU
		{458EC8C2-8F95-4EE6-937B-650241881583}.Ad-Hoc|x86.Deploy.0 = Debug|Any CPU
		{458EC8C2-8F95-4EE6-937B-650241881583}.AppStore|Any CPU.ActiveCfg = Debug|Any CPU
		{458EC8C2-8F95-4EE6-937B-650241881583}.AppStore|Any CPU.Build.0 = Debug|Any CPU
		{458EC8C2-8F95-4EE6-937B-650241881583}.AppStore|Any CPU.Deploy.0 = Debug|Any CPU
		{458EC8C2-8F95-4EE6-937B-650241881583}.AppStore|ARM.ActiveCfg = Debug|Any CPU
		{458EC8C2-8F95-4EE6-937B-650241881583}.AppStore|ARM.Build.0 = Debug|Any CPU
		{458EC8C2-8F95-4EE6-937B-650241881583}.AppStore|ARM.Deploy.0 = Debug|Any CPU
		{458EC8C2-8F95-4EE6-937B-650241881583}.AppStore|iPhone.ActiveCfg = Debug|Any CPU
		{458EC8C2-8F95-4EE6-937B-650241881583}.AppStore|iPhone.Build.0 = Debug|Any CPU
		{458EC8C2-8F95-4EE6-937B-650241881583}.AppStore|iPhone.Deploy.0 = Debug|Any CPU
		{458EC8C2-8F95-4EE6-937B-650241881583}.AppStore|iPhoneSimulator.ActiveCfg = Debug|Any CPU
		{458EC8C2-8F95-4EE6-937B-650241881583}.AppStore|iPhoneSimulator.Build.0 = Debug|Any CPU
		{458EC8C2-8F95-4EE6-937B-650241881583}.AppStore|iPhoneSimulator.Deploy.0 = Debug|Any CPU
		{458EC8C2-8F95-4EE6-937B-650241881583}.AppStore|x64.ActiveCfg = Debug|Any CPU
		{458EC8C2-8F95-4EE6-937B-650241881583}.AppStore|x64.Build.0 = Debug|Any CPU
		{458EC8C2-8F95-4EE6-937B-650241881583}.AppStore|x64.Deploy.0 = Debug|Any CPU
		{458EC8C2-8F95-4EE6-937B-650241881583}.AppStore|x86.ActiveCfg = Debug|Any CPU
		{458EC8C2-8F95-4EE6-937B-650241881583}.AppStore|x86.Build.0 = Debug|Any CPU
		{458EC8C2-8F95-4EE6-937B-650241881583}.AppStore|x86.Deploy.0 = Debug|Any CPU
		{458EC8C2-8F95-4EE6-937B-650241881583}.Debug|Any CPU.ActiveCfg = Debug|Any CPU
		{458EC8C2-8F95-4EE6-937B-650241881583}.Debug|Any CPU.Build.0 = Debug|Any CPU
		{458EC8C2-8F95-4EE6-937B-650241881583}.Debug|Any CPU.Deploy.0 = Debug|Any CPU
		{458EC8C2-8F95-4EE6-937B-650241881583}.Debug|ARM.ActiveCfg = Debug|Any CPU
		{458EC8C2-8F95-4EE6-937B-650241881583}.Debug|ARM.Build.0 = Debug|Any CPU
		{458EC8C2-8F95-4EE6-937B-650241881583}.Debug|ARM.Deploy.0 = Debug|Any CPU
		{458EC8C2-8F95-4EE6-937B-650241881583}.Debug|iPhone.ActiveCfg = Debug|Any CPU
		{458EC8C2-8F95-4EE6-937B-650241881583}.Debug|iPhone.Build.0 = Debug|Any CPU
		{458EC8C2-8F95-4EE6-937B-650241881583}.Debug|iPhone.Deploy.0 = Debug|Any CPU
		{458EC8C2-8F95-4EE6-937B-650241881583}.Debug|iPhoneSimulator.ActiveCfg = Debug|Any CPU
		{458EC8C2-8F95-4EE6-937B-650241881583}.Debug|iPhoneSimulator.Build.0 = Debug|Any CPU
		{458EC8C2-8F95-4EE6-937B-650241881583}.Debug|iPhoneSimulator.Deploy.0 = Debug|Any CPU
		{458EC8C2-8F95-4EE6-937B-650241881583}.Debug|x64.ActiveCfg = Debug|Any CPU
		{458EC8C2-8F95-4EE6-937B-650241881583}.Debug|x64.Build.0 = Debug|Any CPU
		{458EC8C2-8F95-4EE6-937B-650241881583}.Debug|x64.Deploy.0 = Debug|Any CPU
		{458EC8C2-8F95-4EE6-937B-650241881583}.Debug|x86.ActiveCfg = Debug|Any CPU
		{458EC8C2-8F95-4EE6-937B-650241881583}.Debug|x86.Build.0 = Debug|Any CPU
		{458EC8C2-8F95-4EE6-937B-650241881583}.Debug|x86.Deploy.0 = Debug|Any CPU
		{458EC8C2-8F95-4EE6-937B-650241881583}.Release|Any CPU.ActiveCfg = Release|Any CPU
		{458EC8C2-8F95-4EE6-937B-650241881583}.Release|Any CPU.Build.0 = Release|Any CPU
		{458EC8C2-8F95-4EE6-937B-650241881583}.Release|Any CPU.Deploy.0 = Release|Any CPU
		{458EC8C2-8F95-4EE6-937B-650241881583}.Release|ARM.ActiveCfg = Release|Any CPU
		{458EC8C2-8F95-4EE6-937B-650241881583}.Release|ARM.Build.0 = Release|Any CPU
		{458EC8C2-8F95-4EE6-937B-650241881583}.Release|ARM.Deploy.0 = Release|Any CPU
		{458EC8C2-8F95-4EE6-937B-650241881583}.Release|iPhone.ActiveCfg = Release|Any CPU
		{458EC8C2-8F95-4EE6-937B-650241881583}.Release|iPhone.Build.0 = Release|Any CPU
		{458EC8C2-8F95-4EE6-937B-650241881583}.Release|iPhone.Deploy.0 = Release|Any CPU
		{458EC8C2-8F95-4EE6-937B-650241881583}.Release|iPhoneSimulator.ActiveCfg = Release|Any CPU
		{458EC8C2-8F95-4EE6-937B-650241881583}.Release|iPhoneSimulator.Build.0 = Release|Any CPU
		{458EC8C2-8F95-4EE6-937B-650241881583}.Release|iPhoneSimulator.Deploy.0 = Release|Any CPU
		{458EC8C2-8F95-4EE6-937B-650241881583}.Release|x64.ActiveCfg = Release|Any CPU
		{458EC8C2-8F95-4EE6-937B-650241881583}.Release|x64.Build.0 = Release|Any CPU
		{458EC8C2-8F95-4EE6-937B-650241881583}.Release|x64.Deploy.0 = Release|Any CPU
		{458EC8C2-8F95-4EE6-937B-650241881583}.Release|x86.ActiveCfg = Release|Any CPU
		{458EC8C2-8F95-4EE6-937B-650241881583}.Release|x86.Build.0 = Release|Any CPU
		{458EC8C2-8F95-4EE6-937B-650241881583}.Release|x86.Deploy.0 = Release|Any CPU
	EndGlobalSection
	GlobalSection(SolutionProperties) = preSolution
		HideSolutionNode = FALSE
	EndGlobalSection
	GlobalSection(ExtensibilityGlobals) = postSolution
		SolutionGuid = {5E932A15-68F0-4CA0-989D-80014A957B56}
	EndGlobalSection
EndGlobal
